
Microsoft Visual Studio Solution File, Format Version 12.00
# Visual Studio 15
VisualStudioVersion = 15.0.27703.2042
MinimumVisualStudioVersion = 10.0.40219.1
Project("{2150E333-8FDC-42A3-9474-1A3956D46DE8}") = "Migrations", "Migrations", "{EDB22547-363D-41E7-98A1-81D5949652D6}"
EndProject
Project("{2150E333-8FDC-42A3-9474-1A3956D46DE8}") = "Solution Items", "Solution Items", "{3A10A00B-DEF4-47C5-ABAC-0D6E9A732567}"
	ProjectSection(SolutionItems) = preProject
		.gitignore = .gitignore
		Directory.Build.props = Directory.Build.props
	EndProjectSection
EndProject
Project("{9A19103F-16F7-4668-BE54-9A1E7A4F7556}") = "Sannel.House.Devices", "src\Sannel.House.Devices\Sannel.House.Devices.csproj", "{8B8367FB-A9DB-4B6E-8547-BC5297333442}"
EndProject
Project("{9A19103F-16F7-4668-BE54-9A1E7A4F7556}") = "Sannel.House.Devices.Interfaces", "src\Sannel.House.Devices.Interfaces\Sannel.House.Devices.Interfaces.csproj", "{4C4347F0-E711-4E54-A8A1-80220C194D39}"
EndProject
Project("{9A19103F-16F7-4668-BE54-9A1E7A4F7556}") = "Sannel.House.Devices.Models", "src\Sannel.House.Devices.Models\Sannel.House.Devices.Models.csproj", "{F69E428C-EB54-4581-995D-E118C2DD8C4F}"
EndProject
Project("{9A19103F-16F7-4668-BE54-9A1E7A4F7556}") = "Sannel.House.Devices.Repositories", "src\Sannel.House.Devices.Repositories\Sannel.House.Devices.Repositories.csproj", "{52670858-2CE2-4D2C-BB6F-5B678B2CB735}"
EndProject
Project("{9A19103F-16F7-4668-BE54-9A1E7A4F7556}") = "Sannel.House.Devices.Data", "src\Sannel.House.Devices.Data\Sannel.House.Devices.Data.csproj", "{0326D05C-961C-48AE-846C-6D4FEF1B25C3}"
EndProject
Project("{9A19103F-16F7-4668-BE54-9A1E7A4F7556}") = "Sannel.House.Devices.Data.Migrations.Sqlite", "src\Migrations\Sannel.House.Devices.Data.Migrations.Sqlite\Sannel.House.Devices.Data.Migrations.Sqlite.csproj", "{C37E2B16-6DE1-4BEB-91A2-7EC59F07FFBA}"
EndProject
Project("{9A19103F-16F7-4668-BE54-9A1E7A4F7556}") = "Sannel.House.Devices.Data.Migrations.SqlServer", "src\Migrations\Sannel.House.Devices.Data.Migrations.SqlServer\Sannel.House.Devices.Data.Migrations.SqlServer.csproj", "{93A84DEF-4E5A-401B-AF1E-1A948DC09DAC}"
EndProject
Project("{9A19103F-16F7-4668-BE54-9A1E7A4F7556}") = "Sannel.House.Devices.Tests", "src\Sannel.House.Devices.Tests\Sannel.House.Devices.Tests.csproj", "{8C2C4863-851A-4600-AC2A-52B1F17EEB91}"
EndProject
Project("{9A19103F-16F7-4668-BE54-9A1E7A4F7556}") = "Sannel.House.Devices.Data.Migrations.MySql", "src\Migrations\Sannel.House.Devices.Data.Migrations.MySql\Sannel.House.Devices.Data.Migrations.MySql.csproj", "{E9E98472-76FA-47F1-93FB-891563579B2B}"
EndProject
Project("{E53339B2-1760-4266-BCC7-CA923CBCF16C}") = "docker-compose", "docker-compose.dcproj", "{1B3AE4C4-80B2-408B-A13A-1AD3D9210BC1}"
EndProject
Project("{9A19103F-16F7-4668-BE54-9A1E7A4F7556}") = "Sannel.House.Devices.Client", "src\Sannel.House.Devices.Client\Sannel.House.Devices.Client.csproj", "{23871C57-D344-4A5A-B8DF-49DC628EC006}"
EndProject
Project("{FAE04EC0-301F-11D3-BF4B-00C04F79EFBC}") = "Sannel.House.Devices.Data.Migrations.PostgreSQL", "src\Migrations\Sannel.House.Devices.Data.Migrations.PostgreSQL\Sannel.House.Devices.Data.Migrations.PostgreSQL.csproj", "{ABC58BA8-B6D0-4E2F-A242-4FED9F07D7CA}"
EndProject
Global
	GlobalSection(SolutionConfigurationPlatforms) = preSolution
		Debug|Any CPU = Debug|Any CPU
		Release|Any CPU = Release|Any CPU
	EndGlobalSection
	GlobalSection(ProjectConfigurationPlatforms) = postSolution
		{8B8367FB-A9DB-4B6E-8547-BC5297333442}.Debug|Any CPU.ActiveCfg = Debug|Any CPU
		{8B8367FB-A9DB-4B6E-8547-BC5297333442}.Debug|Any CPU.Build.0 = Debug|Any CPU
		{8B8367FB-A9DB-4B6E-8547-BC5297333442}.Release|Any CPU.ActiveCfg = Release|Any CPU
		{8B8367FB-A9DB-4B6E-8547-BC5297333442}.Release|Any CPU.Build.0 = Release|Any CPU
		{4C4347F0-E711-4E54-A8A1-80220C194D39}.Debug|Any CPU.ActiveCfg = Debug|Any CPU
		{4C4347F0-E711-4E54-A8A1-80220C194D39}.Debug|Any CPU.Build.0 = Debug|Any CPU
		{4C4347F0-E711-4E54-A8A1-80220C194D39}.Release|Any CPU.ActiveCfg = Release|Any CPU
		{4C4347F0-E711-4E54-A8A1-80220C194D39}.Release|Any CPU.Build.0 = Release|Any CPU
		{F69E428C-EB54-4581-995D-E118C2DD8C4F}.Debug|Any CPU.ActiveCfg = Debug|Any CPU
		{F69E428C-EB54-4581-995D-E118C2DD8C4F}.Debug|Any CPU.Build.0 = Debug|Any CPU
		{F69E428C-EB54-4581-995D-E118C2DD8C4F}.Release|Any CPU.ActiveCfg = Release|Any CPU
		{F69E428C-EB54-4581-995D-E118C2DD8C4F}.Release|Any CPU.Build.0 = Release|Any CPU
		{52670858-2CE2-4D2C-BB6F-5B678B2CB735}.Debug|Any CPU.ActiveCfg = Debug|Any CPU
		{52670858-2CE2-4D2C-BB6F-5B678B2CB735}.Debug|Any CPU.Build.0 = Debug|Any CPU
		{52670858-2CE2-4D2C-BB6F-5B678B2CB735}.Release|Any CPU.ActiveCfg = Release|Any CPU
		{52670858-2CE2-4D2C-BB6F-5B678B2CB735}.Release|Any CPU.Build.0 = Release|Any CPU
		{0326D05C-961C-48AE-846C-6D4FEF1B25C3}.Debug|Any CPU.ActiveCfg = Debug|Any CPU
		{0326D05C-961C-48AE-846C-6D4FEF1B25C3}.Debug|Any CPU.Build.0 = Debug|Any CPU
		{0326D05C-961C-48AE-846C-6D4FEF1B25C3}.Release|Any CPU.ActiveCfg = Release|Any CPU
		{0326D05C-961C-48AE-846C-6D4FEF1B25C3}.Release|Any CPU.Build.0 = Release|Any CPU
		{C37E2B16-6DE1-4BEB-91A2-7EC59F07FFBA}.Debug|Any CPU.ActiveCfg = Debug|Any CPU
		{C37E2B16-6DE1-4BEB-91A2-7EC59F07FFBA}.Debug|Any CPU.Build.0 = Debug|Any CPU
		{C37E2B16-6DE1-4BEB-91A2-7EC59F07FFBA}.Release|Any CPU.ActiveCfg = Release|Any CPU
		{C37E2B16-6DE1-4BEB-91A2-7EC59F07FFBA}.Release|Any CPU.Build.0 = Release|Any CPU
		{93A84DEF-4E5A-401B-AF1E-1A948DC09DAC}.Debug|Any CPU.ActiveCfg = Debug|Any CPU
		{93A84DEF-4E5A-401B-AF1E-1A948DC09DAC}.Debug|Any CPU.Build.0 = Debug|Any CPU
		{93A84DEF-4E5A-401B-AF1E-1A948DC09DAC}.Release|Any CPU.ActiveCfg = Release|Any CPU
		{93A84DEF-4E5A-401B-AF1E-1A948DC09DAC}.Release|Any CPU.Build.0 = Release|Any CPU
		{8C2C4863-851A-4600-AC2A-52B1F17EEB91}.Debug|Any CPU.ActiveCfg = Debug|Any CPU
		{8C2C4863-851A-4600-AC2A-52B1F17EEB91}.Debug|Any CPU.Build.0 = Debug|Any CPU
		{8C2C4863-851A-4600-AC2A-52B1F17EEB91}.Release|Any CPU.ActiveCfg = Release|Any CPU
		{8C2C4863-851A-4600-AC2A-52B1F17EEB91}.Release|Any CPU.Build.0 = Release|Any CPU
		{E9E98472-76FA-47F1-93FB-891563579B2B}.Debug|Any CPU.ActiveCfg = Debug|Any CPU
		{E9E98472-76FA-47F1-93FB-891563579B2B}.Debug|Any CPU.Build.0 = Debug|Any CPU
		{E9E98472-76FA-47F1-93FB-891563579B2B}.Release|Any CPU.ActiveCfg = Release|Any CPU
		{E9E98472-76FA-47F1-93FB-891563579B2B}.Release|Any CPU.Build.0 = Release|Any CPU
		{1B3AE4C4-80B2-408B-A13A-1AD3D9210BC1}.Debug|Any CPU.ActiveCfg = Debug|Any CPU
		{1B3AE4C4-80B2-408B-A13A-1AD3D9210BC1}.Debug|Any CPU.Build.0 = Debug|Any CPU
		{1B3AE4C4-80B2-408B-A13A-1AD3D9210BC1}.Release|Any CPU.ActiveCfg = Release|Any CPU
		{1B3AE4C4-80B2-408B-A13A-1AD3D9210BC1}.Release|Any CPU.Build.0 = Release|Any CPU
		{23871C57-D344-4A5A-B8DF-49DC628EC006}.Debug|Any CPU.ActiveCfg = Debug|Any CPU
		{23871C57-D344-4A5A-B8DF-49DC628EC006}.Debug|Any CPU.Build.0 = Debug|Any CPU
		{23871C57-D344-4A5A-B8DF-49DC628EC006}.Release|Any CPU.ActiveCfg = Release|Any CPU
		{23871C57-D344-4A5A-B8DF-49DC628EC006}.Release|Any CPU.Build.0 = Release|Any CPU
		{ABC58BA8-B6D0-4E2F-A242-4FED9F07D7CA}.Debug|Any CPU.ActiveCfg = Debug|Any CPU
		{ABC58BA8-B6D0-4E2F-A242-4FED9F07D7CA}.Debug|Any CPU.Build.0 = Debug|Any CPU
		{ABC58BA8-B6D0-4E2F-A242-4FED9F07D7CA}.Release|Any CPU.ActiveCfg = Release|Any CPU
		{ABC58BA8-B6D0-4E2F-A242-4FED9F07D7CA}.Release|Any CPU.Build.0 = Release|Any CPU
	EndGlobalSection
	GlobalSection(SolutionProperties) = preSolution
		HideSolutionNode = FALSE
	EndGlobalSection
	GlobalSection(NestedProjects) = preSolution
		{C37E2B16-6DE1-4BEB-91A2-7EC59F07FFBA} = {EDB22547-363D-41E7-98A1-81D5949652D6}
		{93A84DEF-4E5A-401B-AF1E-1A948DC09DAC} = {EDB22547-363D-41E7-98A1-81D5949652D6}
		{E9E98472-76FA-47F1-93FB-891563579B2B} = {EDB22547-363D-41E7-98A1-81D5949652D6}
		{ABC58BA8-B6D0-4E2F-A242-4FED9F07D7CA} = {EDB22547-363D-41E7-98A1-81D5949652D6}
	EndGlobalSection
	GlobalSection(ExtensibilityGlobals) = postSolution
		SolutionGuid = {0F2B1DDD-90B0-45C5-AA21-98A481D51998}
	EndGlobalSection
EndGlobal
